hash: f59997762f179f5e20cadd65e11fcaae47ca0c3f8dee580e77fa4a9ec9d2c7d1
updated: 2018-05-25T11:36:22.237379254+01:00
imports:
- name: github.com/beorn7/perks
  version: 3a771d992973f24aa725d07868b467d1ddfceafb
  subpackages:
  - quantile
- name: github.com/golang/protobuf
  version: 4bd1920723d7b7c925de087aa32e2187708897f7
  subpackages:
  - proto
- name: github.com/ibm-messaging/mq-golang
  version: 3541d35ac44bbd4b161a6488a8f96c59ec4bd707
  subpackages:
  - ibmmq
  - mqmetric
- name: github.com/matttproud/golang_protobuf_extensions
  version: c12348ce28de40eed0136aa2b644d0ee0650e56c
  subpackages:
  - pbutil
- name: github.com/prometheus/client_golang
  version: 82f5ff156b29e276022b1a958f7d385870fb9814
  subpackages:
  - prometheus
- name: github.com/prometheus/client_model
  version: 99fa1f4be8e564e8a6b613da7fa6f46c9edafc6c
  subpackages:
  - go
- name: github.com/prometheus/common
  version: d811d2e9bf898806ecfb6ef6296774b13ffc314c
  subpackages:
  - expfmt
  - internal/bitbucket.org/ww/goautoneg
  - model
- name: github.com/prometheus/procfs
  version: 8b1c2da0d56deffdbb9e48d4414b4e674bd8083e
  subpackages:
  - internal/util
  - nfs
  - xfs
- name: golang.org/x/sys
  version: 7a4fde3fda8ef580a89dbae8138c26041be14299
  subpackages:
  - unix
testImports: []
