hash: 423672ac81beb7742454be77d48142f236e29a4c0a398e8dee4b8505ea7963d8
updated: 2018-05-31T09:56:53.529569793+01:00
imports:
- name: github.com/beorn7/perks
  version: 3a771d992973f24aa725d07868b467d1ddfceafb
  subpackages:
  - quantile
- name: github.com/genuinetools/amicontained
  version: fcae88544f0212fbb1e20699c41566655b68679b
  subpackages:
  - container
- name: github.com/golang/protobuf
  version: 4bd1920723d7b7c925de087aa32e2187708897f7
  subpackages:
  - proto
- name: github.com/ibm-messaging/mq-golang
  version: f15a28755ee0835f1fda161ac60b4146302e1fdb
  subpackages:
  - ibmmq
  - mqmetric
- name: github.com/matttproud/golang_protobuf_extensions
  version: c12348ce28de40eed0136aa2b644d0ee0650e56c
  subpackages:
  - pbutil
- name: github.com/prometheus/client_golang
  version: c5b7fccd204277076155f10851dad72b76a49317
  subpackages:
  - prometheus
- name: github.com/prometheus/client_model
  version: 99fa1f4be8e564e8a6b613da7fa6f46c9edafc6c
  subpackages:
  - go
- name: github.com/prometheus/common
  version: d811d2e9bf898806ecfb6ef6296774b13ffc314c
  subpackages:
  - expfmt
  - internal/bitbucket.org/ww/goautoneg
  - model
- name: github.com/prometheus/procfs
  version: 8b1c2da0d56deffdbb9e48d4414b4e674bd8083e
  subpackages:
  - internal/util
  - nfs
  - xfs
- name: github.com/syndtr/gocapability
  version: 33e07d32887e1e06b7c025f27ce52f62c7990bc0
  subpackages:
  - capability
- name: golang.org/x/sys
  version: 7a4fde3fda8ef580a89dbae8138c26041be14299
  subpackages:
  - unix
testImports: []
